{
  "name": "procgraph",
  "version": "0.3.1",
  "lockfileVersion": 3,
  "requires": true,
  "packages": {
    "": {
      "name": "procgraph",
      "version": "0.3.1",
      "dependencies": {
        "bootstrap": "~3.2.0",
        "jquery": "^3.7.1"
      }
    },
    "node_modules/bootstrap": {
      "version": "3.2.0",
      "resolved": "https://registry.npmjs.org/bootstrap/-/bootstrap-3.2.0.tgz",
      "integrity": "sha512-MVUiqgpLinHRQlO8RIEsua7gmA+OHPD9wQU2ShAl+PzqmPXC0qzPgrynZEWTA6YlSY+APl7NEF3jXhBixadAvg==",
      "engines": {
        "node": "~0.10.1"
      }
    },
    "node_modules/jquery": {
      "version": "3.7.1",
      "resolved": "https://registry.npmjs.org/jquery/-/jquery-3.7.1.tgz",
      "integrity": "sha512-m4avr8yL8kmFN8psrbFFFmB/If14iN5o9nw/NgnnM+kybDJpRsAynV2BsfpTYrTRysYUdADVD7CkUUizgkpLfg=="
    }
  }
}
